
Microsoft Visual Studio Solution File, Format Version 12.00
# Visual Studio 15
VisualStudioVersion = 15.0.28307.645
MinimumVisualStudioVersion = 10.0.40219.1
Project("{8BC9CEB8-8B4A-11D0-8D11-00A0C91BC942}") = "MultiplayerProject", "MultiplayerProject\MultiplayerProject.vcxproj", "{E1130DBA-8550-4434-AD2E-A2E5AB37E702}"
EndProject
Global
	GlobalSection(SolutionConfigurationPlatforms) = preSolution
		Debug Client|x64 = Debug Client|x64
		Debug Client|x86 = Debug Client|x86
		Debug Editor|x64 = Debug Editor|x64
		Debug Editor|x86 = Debug Editor|x86
		Debug Server|x64 = Debug Server|x64
		Debug Server|x86 = Debug Server|x86
		Debug|x64 = Debug|x64
		Debug|x86 = Debug|x86
		Release Client|x64 = Release Client|x64
		Release Client|x86 = Release Client|x86
		Release Editor|x64 = Release Editor|x64
		Release Editor|x86 = Release Editor|x86
		Release Server|x64 = Release Server|x64
		Release Server|x86 = Release Server|x86
		Release|x64 = Release|x64
		Release|x86 = Release|x86
	EndGlobalSection
	GlobalSection(ProjectConfigurationPlatforms) = postSolution
		{E1130DBA-8550-4434-AD2E-A2E5AB37E702}.Debug Client|x64.ActiveCfg = Debug Client|x64
		{E1130DBA-8550-4434-AD2E-A2E5AB37E702}.Debug Client|x64.Build.0 = Debug Client|x64
		{E1130DBA-8550-4434-AD2E-A2E5AB37E702}.Debug Client|x86.ActiveCfg = Debug Client|Win32
		{E1130DBA-8550-4434-AD2E-A2E5AB37E702}.Debug Client|x86.Build.0 = Debug Client|Win32
		{E1130DBA-8550-4434-AD2E-A2E5AB37E702}.Debug Editor|x64.ActiveCfg = Debug Editor|x64
		{E1130DBA-8550-4434-AD2E-A2E5AB37E702}.Debug Editor|x64.Build.0 = Debug Editor|x64
		{E1130DBA-8550-4434-AD2E-A2E5AB37E702}.Debug Editor|x86.ActiveCfg = Debug Editor|Win32
		{E1130DBA-8550-4434-AD2E-A2E5AB37E702}.Debug Editor|x86.Build.0 = Debug Editor|Win32
		{E1130DBA-8550-4434-AD2E-A2E5AB37E702}.Debug Server|x64.ActiveCfg = Debug Server|x64
		{E1130DBA-8550-4434-AD2E-A2E5AB37E702}.Debug Server|x64.Build.0 = Debug Server|x64
		{E1130DBA-8550-4434-AD2E-A2E5AB37E702}.Debug Server|x86.ActiveCfg = Debug Server|Win32
		{E1130DBA-8550-4434-AD2E-A2E5AB37E702}.Debug Server|x86.Build.0 = Debug Server|Win32
		{E1130DBA-8550-4434-AD2E-A2E5AB37E702}.Debug|x64.ActiveCfg = Debug (DEPRECIATED)|x64
		{E1130DBA-8550-4434-AD2E-A2E5AB37E702}.Debug|x64.Build.0 = Debug (DEPRECIATED)|x64
		{E1130DBA-8550-4434-AD2E-A2E5AB37E702}.Debug|x86.ActiveCfg = Release (DEPRECIATED)|Win32
		{E1130DBA-8550-4434-AD2E-A2E5AB37E702}.Debug|x86.Build.0 = Release (DEPRECIATED)|Win32
		{E1130DBA-8550-4434-AD2E-A2E5AB37E702}.Release Client|x64.ActiveCfg = Release Client|x64
		{E1130DBA-8550-4434-AD2E-A2E5AB37E702}.Release Client|x64.Build.0 = Release Client|x64
		{E1130DBA-8550-4434-AD2E-A2E5AB37E702}.Release Client|x86.ActiveCfg = Release Client|Win32
		{E1130DBA-8550-4434-AD2E-A2E5AB37E702}.Release Client|x86.Build.0 = Release Client|Win32
		{E1130DBA-8550-4434-AD2E-A2E5AB37E702}.Release Editor|x64.ActiveCfg = Release Editor|x64
		{E1130DBA-8550-4434-AD2E-A2E5AB37E702}.Release Editor|x64.Build.0 = Release Editor|x64
		{E1130DBA-8550-4434-AD2E-A2E5AB37E702}.Release Editor|x86.ActiveCfg = Release Editor|Win32
		{E1130DBA-8550-4434-AD2E-A2E5AB37E702}.Release Editor|x86.Build.0 = Release Editor|Win32
		{E1130DBA-8550-4434-AD2E-A2E5AB37E702}.Release Server|x64.ActiveCfg = Release Server|x64
		{E1130DBA-8550-4434-AD2E-A2E5AB37E702}.Release Server|x64.Build.0 = Release Server|x64
		{E1130DBA-8550-4434-AD2E-A2E5AB37E702}.Release Server|x86.ActiveCfg = Release Server|Win32
		{E1130DBA-8550-4434-AD2E-A2E5AB37E702}.Release Server|x86.Build.0 = Release Server|Win32
		{E1130DBA-8550-4434-AD2E-A2E5AB37E702}.Release|x64.ActiveCfg = Release (DEPRECIATED)|x64
		{E1130DBA-8550-4434-AD2E-A2E5AB37E702}.Release|x64.Build.0 = Release (DEPRECIATED)|x64
		{E1130DBA-8550-4434-AD2E-A2E5AB37E702}.Release|x86.ActiveCfg = Release (DEPRECIATED)|Win32
		{E1130DBA-8550-4434-AD2E-A2E5AB37E702}.Release|x86.Build.0 = Release (DEPRECIATED)|Win32
	EndGlobalSection
	GlobalSection(SolutionProperties) = preSolution
		HideSolutionNode = FALSE
	EndGlobalSection
	GlobalSection(ExtensibilityGlobals) = postSolution
		SolutionGuid = {3EF7D7B0-0C65-4648-A321-20A6BDAE08AA}
	EndGlobalSection
EndGlobal
